
Microsoft Visual Studio Solution File, Format Version 12.00
Project("{FAE04EC0-301F-11D3-BF4B-00C04F79EFBC}") = "poc_scope_serviceprovider", "poc_scope_serviceprovider\poc_scope_serviceprovider.csproj", "{E78D7221-078B-4764-98AA-01D0F88C7788}"
EndProject
Global
	GlobalSection(SolutionConfigurationPlatforms) = preSolution
		Debug|Any CPU = Debug|Any CPU
		Release|Any CPU = Release|Any CPU
	EndGlobalSection
	GlobalSection(ProjectConfigurationPlatforms) = postSolution
		{E78D7221-078B-4764-98AA-01D0F88C7788}.Debug|Any CPU.ActiveCfg = Debug|Any CPU
		{E78D7221-078B-4764-98AA-01D0F88C7788}.Debug|Any CPU.Build.0 = Debug|Any CPU
		{E78D7221-078B-4764-98AA-01D0F88C7788}.Release|Any CPU.ActiveCfg = Release|Any CPU
		{E78D7221-078B-4764-98AA-01D0F88C7788}.Release|Any CPU.Build.0 = Release|Any CPU
	EndGlobalSection
EndGlobal
